# @generated by Move, please check-in and do not edit manually.

[move]
version = 0
manifest_digest = "6D8F6C70FF086B6824ECACDB1112B6ECA42BB6B0668268E94CE8F6FE228A144C"
deps_digest = "C6C93A018C0B43F8AA8899B23B42E757DF9300785637696481F59EBFA35625D2"

dependencies = [
  { name = "Sui" },
  { name = "axelar" },
]

[[move.package]]
name = "MoveStdlib"
source = { git = "https://github.com/MystenLabs/sui.git", rev = "77a9e0d", subdir = "crates/sui-framework/packages/move-stdlib" }

[[move.package]]
name = "Sui"
source = { git = "https://github.com/MystenLabs/sui.git", rev = "77a9e0d", subdir = "crates/sui-framework/packages/sui-framework" }

dependencies = [
  { name = "MoveStdlib" },
]

[[move.package]]
name = "axelar"
source = { git = "https://github.com/axelarnetwork/axelar-local-dev.git", rev = "ae68c9c", subdir = "packages/axelar-local-dev-sui/move/axelar" }

dependencies = [
  { name = "Sui" },
]
